
Microsoft Visual Studio Solution File, Format Version 12.00
# Visual Studio Version 16
VisualStudioVersion = 16.0.30104.148
MinimumVisualStudioVersion = 10.0.40219.1
Project("{FAE04EC0-301F-11D3-BF4B-00C04F79EFBC}") = "TrilateracionGPS", "TrilateracionGPS\TrilateracionGPS.csproj", "{ACBF11E6-373B-41EC-AC88-6DCC6C01AA6D}"
EndProject
Global
	GlobalSection(SolutionConfigurationPlatforms) = preSolution
		Debug|Any CPU = Debug|Any CPU
		Release|Any CPU = Release|Any CPU
	EndGlobalSection
	GlobalSection(ProjectConfigurationPlatforms) = postSolution
		{ACBF11E6-373B-41EC-AC88-6DCC6C01AA6D}.Debug|Any CPU.ActiveCfg = Debug|Any CPU
		{ACBF11E6-373B-41EC-AC88-6DCC6C01AA6D}.Debug|Any CPU.Build.0 = Debug|Any CPU
		{ACBF11E6-373B-41EC-AC88-6DCC6C01AA6D}.Release|Any CPU.ActiveCfg = Release|Any CPU
		{ACBF11E6-373B-41EC-AC88-6DCC6C01AA6D}.Release|Any CPU.Build.0 = Release|Any CPU
	EndGlobalSection
	GlobalSection(SolutionProperties) = preSolution
		HideSolutionNode = FALSE
	EndGlobalSection
	GlobalSection(ExtensibilityGlobals) = postSolution
		SolutionGuid = {CBE05F40-C6DD-4393-A1FF-F13612315825}
	EndGlobalSection
EndGlobal
